
Microsoft Visual Studio Solution File, Format Version 12.00
# Visual Studio Version 17
VisualStudioVersion = 17.5.33516.290
MinimumVisualStudioVersion = 10.0.40219.1
Project("{FAE04EC0-301F-11D3-BF4B-00C04F79EFBC}") = "DynDNS", "DynDNS\DynDNS.csproj", "{788C1073-DBDD-4AB4-BB59-9DD7A8AD9E77}"
EndProject
Project("{FAE04EC0-301F-11D3-BF4B-00C04F79EFBC}") = "DynDNS.Cli", "DynDNS.Cli\DynDNS.Cli.csproj", "{895B2178-C166-4D85-8937-245D9EF1FB0C}"
EndProject
Global
	GlobalSection(SolutionConfigurationPlatforms) = preSolution
		Debug|Any CPU = Debug|Any CPU
		Debug|x64 = Debug|x64
		Debug|x86 = Debug|x86
		Release|Any CPU = Release|Any CPU
		Release|x64 = Release|x64
		Release|x86 = Release|x86
	EndGlobalSection
	GlobalSection(ProjectConfigurationPlatforms) = postSolution
		{788C1073-DBDD-4AB4-BB59-9DD7A8AD9E77}.Debug|Any CPU.ActiveCfg = Debug|Any CPU
		{788C1073-DBDD-4AB4-BB59-9DD7A8AD9E77}.Debug|Any CPU.Build.0 = Debug|Any CPU
		{788C1073-DBDD-4AB4-BB59-9DD7A8AD9E77}.Debug|x64.ActiveCfg = Debug|Any CPU
		{788C1073-DBDD-4AB4-BB59-9DD7A8AD9E77}.Debug|x64.Build.0 = Debug|Any CPU
		{788C1073-DBDD-4AB4-BB59-9DD7A8AD9E77}.Debug|x86.ActiveCfg = Debug|Any CPU
		{788C1073-DBDD-4AB4-BB59-9DD7A8AD9E77}.Debug|x86.Build.0 = Debug|Any CPU
		{788C1073-DBDD-4AB4-BB59-9DD7A8AD9E77}.Release|Any CPU.ActiveCfg = Release|Any CPU
		{788C1073-DBDD-4AB4-BB59-9DD7A8AD9E77}.Release|Any CPU.Build.0 = Release|Any CPU
		{788C1073-DBDD-4AB4-BB59-9DD7A8AD9E77}.Release|x64.ActiveCfg = Release|Any CPU
		{788C1073-DBDD-4AB4-BB59-9DD7A8AD9E77}.Release|x64.Build.0 = Release|Any CPU
		{788C1073-DBDD-4AB4-BB59-9DD7A8AD9E77}.Release|x86.ActiveCfg = Release|Any CPU
		{788C1073-DBDD-4AB4-BB59-9DD7A8AD9E77}.Release|x86.Build.0 = Release|Any CPU
		{895B2178-C166-4D85-8937-245D9EF1FB0C}.Debug|Any CPU.ActiveCfg = Debug|Any CPU
		{895B2178-C166-4D85-8937-245D9EF1FB0C}.Debug|Any CPU.Build.0 = Debug|Any CPU
		{895B2178-C166-4D85-8937-245D9EF1FB0C}.Debug|x64.ActiveCfg = Debug|Any CPU
		{895B2178-C166-4D85-8937-245D9EF1FB0C}.Debug|x64.Build.0 = Debug|Any CPU
		{895B2178-C166-4D85-8937-245D9EF1FB0C}.Debug|x86.ActiveCfg = Debug|Any CPU
		{895B2178-C166-4D85-8937-245D9EF1FB0C}.Debug|x86.Build.0 = Debug|Any CPU
		{895B2178-C166-4D85-8937-245D9EF1FB0C}.Release|Any CPU.ActiveCfg = Release|Any CPU
		{895B2178-C166-4D85-8937-245D9EF1FB0C}.Release|Any CPU.Build.0 = Release|Any CPU
		{895B2178-C166-4D85-8937-245D9EF1FB0C}.Release|x64.ActiveCfg = Release|Any CPU
		{895B2178-C166-4D85-8937-245D9EF1FB0C}.Release|x64.Build.0 = Release|Any CPU
		{895B2178-C166-4D85-8937-245D9EF1FB0C}.Release|x86.ActiveCfg = Release|Any CPU
		{895B2178-C166-4D85-8937-245D9EF1FB0C}.Release|x86.Build.0 = Release|Any CPU
	EndGlobalSection
	GlobalSection(SolutionProperties) = preSolution
		HideSolutionNode = FALSE
	EndGlobalSection
	GlobalSection(ExtensibilityGlobals) = postSolution
		SolutionGuid = {3FC914AB-AB77-4148-A52A-788AA3769FE7}
	EndGlobalSection
EndGlobal
